
Microsoft Visual Studio Solution File, Format Version 12.00
# Visual Studio Version 16
VisualStudioVersion = 16.0.31424.327
MinimumVisualStudioVersion = 10.0.40219.1
Project("{8BC9CEB8-8B4A-11D0-8D11-00A0C91BC942}") = "RDPWrapOffsetFinder", "RDPWrapOffsetFinder\RDPWrapOffsetFinder.vcxproj", "{D2323458-81A7-481D-82DA-B57906C8AAFC}"
EndProject
Project("{8BC9CEB8-8B4A-11D0-8D11-00A0C91BC942}") = "RDPWrapOffsetFinder_nosymbol", "RDPWrapOffsetFinder_nosym\RDPWrapOffsetFinder_nosym.vcxproj", "{521FD0FA-1D49-468F-84CF-B3348508D624}"
EndProject
Global
	GlobalSection(SolutionConfigurationPlatforms) = preSolution
		Debug|x64 = Debug|x64
		Debug|x86 = Debug|x86
		Release|x64 = Release|x64
		Release|x86 = Release|x86
	EndGlobalSection
	GlobalSection(ProjectConfigurationPlatforms) = postSolution
		{D2323458-81A7-481D-82DA-B57906C8AAFC}.Debug|x64.ActiveCfg = Debug|x64
		{D2323458-81A7-481D-82DA-B57906C8AAFC}.Debug|x64.Build.0 = Debug|x64
		{D2323458-81A7-481D-82DA-B57906C8AAFC}.Debug|x86.ActiveCfg = Debug|Win32
		{D2323458-81A7-481D-82DA-B57906C8AAFC}.Debug|x86.Build.0 = Debug|Win32
		{D2323458-81A7-481D-82DA-B57906C8AAFC}.Release|x64.ActiveCfg = Release|x64
		{D2323458-81A7-481D-82DA-B57906C8AAFC}.Release|x64.Build.0 = Release|x64
		{D2323458-81A7-481D-82DA-B57906C8AAFC}.Release|x86.ActiveCfg = Release|Win32
		{D2323458-81A7-481D-82DA-B57906C8AAFC}.Release|x86.Build.0 = Release|Win32
		{521FD0FA-1D49-468F-84CF-B3348508D624}.Debug|x64.ActiveCfg = Debug|x64
		{521FD0FA-1D49-468F-84CF-B3348508D624}.Debug|x64.Build.0 = Debug|x64
		{521FD0FA-1D49-468F-84CF-B3348508D624}.Debug|x86.ActiveCfg = Debug|x64
		{521FD0FA-1D49-468F-84CF-B3348508D624}.Release|x64.ActiveCfg = Release|x64
		{521FD0FA-1D49-468F-84CF-B3348508D624}.Release|x64.Build.0 = Release|x64
		{521FD0FA-1D49-468F-84CF-B3348508D624}.Release|x86.ActiveCfg = Release|x64
	EndGlobalSection
	GlobalSection(SolutionProperties) = preSolution
		HideSolutionNode = FALSE
	EndGlobalSection
	GlobalSection(ExtensibilityGlobals) = postSolution
		SolutionGuid = {EAB80378-133D-4771-8669-86083F804292}
	EndGlobalSection
EndGlobal
